
Microsoft Visual Studio Solution File, Format Version 12.00
# Visual Studio 2012
Project("{FAE04EC0-301F-11D3-BF4B-00C04F79EFBC}") = "MassTransitExample", "MassTransitExample\MassTransitExample.csproj", "{AB303910-A8A4-4085-A540-3F88A40B77CF}"
EndProject
Project("{FAE04EC0-301F-11D3-BF4B-00C04F79EFBC}") = "Startup", "Startup\Startup.csproj", "{C15D3F21-77A8-4FB1-A96B-A127B71B328F}"
EndProject
Global
	GlobalSection(SolutionConfigurationPlatforms) = preSolution
		Debug|Any CPU = Debug|Any CPU
		Release|Any CPU = Release|Any CPU
	EndGlobalSection
	GlobalSection(ProjectConfigurationPlatforms) = postSolution
		{AB303910-A8A4-4085-A540-3F88A40B77CF}.Debug|Any CPU.ActiveCfg = Debug|Any CPU
		{AB303910-A8A4-4085-A540-3F88A40B77CF}.Debug|Any CPU.Build.0 = Debug|Any CPU
		{AB303910-A8A4-4085-A540-3F88A40B77CF}.Release|Any CPU.ActiveCfg = Release|Any CPU
		{AB303910-A8A4-4085-A540-3F88A40B77CF}.Release|Any CPU.Build.0 = Release|Any CPU
		{C15D3F21-77A8-4FB1-A96B-A127B71B328F}.Debug|Any CPU.ActiveCfg = Debug|Any CPU
		{C15D3F21-77A8-4FB1-A96B-A127B71B328F}.Debug|Any CPU.Build.0 = Debug|Any CPU
		{C15D3F21-77A8-4FB1-A96B-A127B71B328F}.Release|Any CPU.ActiveCfg = Release|Any CPU
		{C15D3F21-77A8-4FB1-A96B-A127B71B328F}.Release|Any CPU.Build.0 = Release|Any CPU
	EndGlobalSection
	GlobalSection(SolutionProperties) = preSolution
		HideSolutionNode = FALSE
	EndGlobalSection
EndGlobal
